
Microsoft Visual Studio Solution File, Format Version 12.00
# Visual Studio 14
VisualStudioVersion = 14.0.25420.1
MinimumVisualStudioVersion = 10.0.40219.1
Project("{FAE04EC0-301F-11D3-BF4B-00C04F79EFBC}") = "KEEPER.K3.TLMB.CUSTOMER.ServicePlugIn", "KEEPER.K3.TLMB.CUSTOMER.ServicePlugIn\KEEPER.K3.TLMB.CUSTOMER.ServicePlugIn.csproj", "{B376971B-7E0E-4DF5-9142-AE9EE7C0731C}"
EndProject
Project("{FAE04EC0-301F-11D3-BF4B-00C04F79EFBC}") = "KEEPER.K3.TLMB.TRAVELBILL.ServicePlugIn", "KEEPER.K3.TLMB.TRAVELBILL.ServicePlugIn\KEEPER.K3.TLMB.TRAVELBILL.ServicePlugIn.csproj", "{040AC72D-DDA2-45FB-80E5-B70E8B796111}"
EndProject
Project("{FAE04EC0-301F-11D3-BF4B-00C04F79EFBC}") = "UnitTestCloudCallShrOSF", "UnitTestCloudCallShrOSF\UnitTestCloudCallShrOSF.csproj", "{67171DC4-726A-49B7-96BD-2572E4B3CEE1}"
EndProject
Project("{2150E333-8FDC-42A3-9474-1A3956D46DE8}") = "Common", "Common", "{7B98C5AB-7693-456A-AE9E-521E7E668911}"
EndProject
Project("{2150E333-8FDC-42A3-9474-1A3956D46DE8}") = "PlugIn", "PlugIn", "{63AB6F8A-D67D-454F-92EB-47140B65A23E}"
EndProject
Project("{2150E333-8FDC-42A3-9474-1A3956D46DE8}") = "BusinessPlugIn", "BusinessPlugIn", "{4DCB4EE1-CF47-4265-81CD-1180E686FEB6}"
EndProject
Project("{2150E333-8FDC-42A3-9474-1A3956D46DE8}") = "ReportPlugIn", "ReportPlugIn", "{F62529EC-EA91-4EFF-8308-37388EE50588}"
EndProject
Project("{2150E333-8FDC-42A3-9474-1A3956D46DE8}") = "ServicePlugIn", "ServicePlugIn", "{FFDDC72E-D03C-4BE0-BA80-104CC7AB1A1F}"
EndProject
Project("{2150E333-8FDC-42A3-9474-1A3956D46DE8}") = "DISABLECUSTOMERBILL", "DISABLECUSTOMERBILL", "{2E2B3C64-13E3-4695-B693-516AF23A4C08}"
EndProject
Project("{FAE04EC0-301F-11D3-BF4B-00C04F79EFBC}") = "KEEPER.K3.App", "KEEPER.K3.App\KEEPER.K3.App.csproj", "{B64C48A6-0B35-4422-919D-FEC93DE2DBFC}"
EndProject
Project("{FAE04EC0-301F-11D3-BF4B-00C04F79EFBC}") = "KEEPER.K3.TLMB.Contracts", "KEEPER.K3.TLMB.Contracts\KEEPER.K3.TLMB.Contracts.csproj", "{C0A52B70-547D-43A8-94C6-14CF7AFD19A3}"
EndProject
Project("{FAE04EC0-301F-11D3-BF4B-00C04F79EFBC}") = "KEEPER.K3.TLMB.Core", "KEEPER.K3.TLMB.Core\KEEPER.K3.TLMB.Core.csproj", "{02B5035F-C550-44F9-8A00-93E59791D1E6}"
EndProject
Project("{FAE04EC0-301F-11D3-BF4B-00C04F79EFBC}") = "KEEPER.K3.TLMB.ServiceHelper", "KEEPER.K3.TLMB.ServiceHelper\KEEPER.K3.TLMB.ServiceHelper.csproj", "{DCE5AFBD-91F2-4D64-89ED-3C402126CDA9}"
EndProject
Project("{FAE04EC0-301F-11D3-BF4B-00C04F79EFBC}") = "KEEPER.K3.TLMB.SalOrder.BusinessPlugIn", "KEEPER.K3.TLMB.SalOrder.BusinessPlugIn\KEEPER.K3.TLMB.SalOrder.BusinessPlugIn.csproj", "{57E78983-1DA8-4923-870C-2F0DC2FFF897}"
EndProject
Project("{FAE04EC0-301F-11D3-BF4B-00C04F79EFBC}") = "KEEPER.K3.TLMB.SalOutStock.BusinessPlugIn", "KEEPER.K3.TLMB.SalOutStock.BusinessPlugIn\KEEPER.K3.TLMB.SalOutStock.BusinessPlugIn.csproj", "{28F1B795-CFBC-4074-8EB4-C6A534FE7C35}"
EndProject
Project("{2150E333-8FDC-42A3-9474-1A3956D46DE8}") = "SalOrder", "SalOrder", "{7D782AF3-D043-4103-ACCA-F54E3E1F73D5}"
EndProject
Project("{2150E333-8FDC-42A3-9474-1A3956D46DE8}") = "SalOutStock", "SalOutStock", "{F4061FBA-78C3-47AA-B4CB-FB514B75688A}"
EndProject
Project("{2150E333-8FDC-42A3-9474-1A3956D46DE8}") = "KA组销售数据查询表", "KA组销售数据查询表", "{284370F9-F5DB-4950-8A8A-50752C990CDB}"
EndProject
Project("{FAE04EC0-301F-11D3-BF4B-00C04F79EFBC}") = "KEEPER.K3.TLMB.KAZXSSJCX", "KEEPER.K3.TLMB.KAZXSSJCX\KEEPER.K3.TLMB.KAZXSSJCX.csproj", "{3582EF9A-43BA-4087-AD7A-2AB02D324B50}"
EndProject
Project("{2150E333-8FDC-42A3-9474-1A3956D46DE8}") = "MobileReportPlugIn", "MobileReportPlugIn", "{702C7837-1085-46DC-8862-C427AED2C7B7}"
EndProject
Project("{2150E333-8FDC-42A3-9474-1A3956D46DE8}") = "产品管理", "产品管理", "{6F44016B-2157-49CA-B439-553F787A2995}"
EndProject
Project("{FAE04EC0-301F-11D3-BF4B-00C04F79EFBC}") = "KEEPER.K3.TLMB.MOBILE.CPGL", "KEEPER.K3.TLMB.MOBILE.CPGL\KEEPER.K3.TLMB.MOBILE.CPGL.csproj", "{7DE7411B-30D8-49F2-BD46-673CC47FB601}"
EndProject
Project("{2150E333-8FDC-42A3-9474-1A3956D46DE8}") = "未按标准配送统计表", "未按标准配送统计表", "{3BEEC927-4DAC-456E-A733-EEEA67A5EB83}"
EndProject
Project("{FAE04EC0-301F-11D3-BF4B-00C04F79EFBC}") = "KEEPER.K3.TLMB.NTBZPSTJB", "KEEPER.K3.TLMB.NTBZPSTJB\KEEPER.K3.TLMB.NTBZPSTJB.csproj", "{C26EAF63-DDFF-459A-8E9F-CBB001EB573F}"
EndProject
Project("{2150E333-8FDC-42A3-9474-1A3956D46DE8}") = "KA部门销售数据查询", "KA部门销售数据查询", "{A7A6DE7B-7B56-4A13-BE3F-CF5EF6D6C184}"
EndProject
Project("{FAE04EC0-301F-11D3-BF4B-00C04F79EFBC}") = "KEEPER.K3.TLMB.KABMXSSJCX", "KEEPER.K3.TLMB.KABMXSSJCX\KEEPER.K3.TLMB.KABMXSSJCX.csproj", "{1E9391F9-0B3D-4A61-B267-BFFC60047B02}"
EndProject
Project("{2150E333-8FDC-42A3-9474-1A3956D46DE8}") = "ScheduleServicePlugIn", "ScheduleServicePlugIn", "{B36D7E45-7B85-4F14-87B6-971B3AB1CF0D}"
EndProject
Project("{2150E333-8FDC-42A3-9474-1A3956D46DE8}") = "BigData", "BigData", "{7DAD7D3D-6207-49DE-9251-65B7BE46664C}"
EndProject
Project("{FAE04EC0-301F-11D3-BF4B-00C04F79EFBC}") = "KEEPER.K3.TLMB.BIGDATA.PValueScheduleServicePlugIn", "KEEPER.K3.TLMB.BIGDATA.PValueScheduleServicePlugIn\KEEPER.K3.TLMB.BIGDATA.PValueScheduleServicePlugIn.csproj", "{7313C0AF-8F7F-4656-8472-FA00939090A0}"
EndProject
Project("{2150E333-8FDC-42A3-9474-1A3956D46DE8}") = "DynamicObjectPlugIn", "DynamicObjectPlugIn", "{EA87F05F-E82A-405F-905B-8473D5DA4F83}"
EndProject
Project("{FAE04EC0-301F-11D3-BF4B-00C04F79EFBC}") = "KEEPER.K3.TLMB.ZJDBFXZPLXG.DynamicObjectPlugIn", "KEEPER.K3.TLMB.ZJDBFXZPLXG.DynamicObjectPlugIn\KEEPER.K3.TLMB.ZJDBFXZPLXG.DynamicObjectPlugIn.csproj", "{54C058EF-6633-496A-A524-AB7C0E4D8755}"
EndProject
Global
	GlobalSection(SolutionConfigurationPlatforms) = preSolution
		Debug|Any CPU = Debug|Any CPU
		Release|Any CPU = Release|Any CPU
	EndGlobalSection
	GlobalSection(ProjectConfigurationPlatforms) = postSolution
		{B376971B-7E0E-4DF5-9142-AE9EE7C0731C}.Debug|Any CPU.ActiveCfg = Debug|Any CPU
		{B376971B-7E0E-4DF5-9142-AE9EE7C0731C}.Debug|Any CPU.Build.0 = Debug|Any CPU
		{B376971B-7E0E-4DF5-9142-AE9EE7C0731C}.Release|Any CPU.ActiveCfg = Release|Any CPU
		{B376971B-7E0E-4DF5-9142-AE9EE7C0731C}.Release|Any CPU.Build.0 = Release|Any CPU
		{040AC72D-DDA2-45FB-80E5-B70E8B796111}.Debug|Any CPU.ActiveCfg = Debug|Any CPU
		{040AC72D-DDA2-45FB-80E5-B70E8B796111}.Debug|Any CPU.Build.0 = Debug|Any CPU
		{040AC72D-DDA2-45FB-80E5-B70E8B796111}.Release|Any CPU.ActiveCfg = Release|Any CPU
		{040AC72D-DDA2-45FB-80E5-B70E8B796111}.Release|Any CPU.Build.0 = Release|Any CPU
		{67171DC4-726A-49B7-96BD-2572E4B3CEE1}.Debug|Any CPU.ActiveCfg = Debug|Any CPU
		{67171DC4-726A-49B7-96BD-2572E4B3CEE1}.Debug|Any CPU.Build.0 = Debug|Any CPU
		{67171DC4-726A-49B7-96BD-2572E4B3CEE1}.Release|Any CPU.ActiveCfg = Release|Any CPU
		{67171DC4-726A-49B7-96BD-2572E4B3CEE1}.Release|Any CPU.Build.0 = Release|Any CPU
		{B64C48A6-0B35-4422-919D-FEC93DE2DBFC}.Debug|Any CPU.ActiveCfg = Debug|Any CPU
		{B64C48A6-0B35-4422-919D-FEC93DE2DBFC}.Debug|Any CPU.Build.0 = Debug|Any CPU
		{B64C48A6-0B35-4422-919D-FEC93DE2DBFC}.Release|Any CPU.ActiveCfg = Release|Any CPU
		{B64C48A6-0B35-4422-919D-FEC93DE2DBFC}.Release|Any CPU.Build.0 = Release|Any CPU
		{C0A52B70-547D-43A8-94C6-14CF7AFD19A3}.Debug|Any CPU.ActiveCfg = Debug|Any CPU
		{C0A52B70-547D-43A8-94C6-14CF7AFD19A3}.Debug|Any CPU.Build.0 = Debug|Any CPU
		{C0A52B70-547D-43A8-94C6-14CF7AFD19A3}.Release|Any CPU.ActiveCfg = Release|Any CPU
		{C0A52B70-547D-43A8-94C6-14CF7AFD19A3}.Release|Any CPU.Build.0 = Release|Any CPU
		{02B5035F-C550-44F9-8A00-93E59791D1E6}.Debug|Any CPU.ActiveCfg = Debug|Any CPU
		{02B5035F-C550-44F9-8A00-93E59791D1E6}.Debug|Any CPU.Build.0 = Debug|Any CPU
		{02B5035F-C550-44F9-8A00-93E59791D1E6}.Release|Any CPU.ActiveCfg = Release|Any CPU
		{02B5035F-C550-44F9-8A00-93E59791D1E6}.Release|Any CPU.Build.0 = Release|Any CPU
		{DCE5AFBD-91F2-4D64-89ED-3C402126CDA9}.Debug|Any CPU.ActiveCfg = Debug|Any CPU
		{DCE5AFBD-91F2-4D64-89ED-3C402126CDA9}.Debug|Any CPU.Build.0 = Debug|Any CPU
		{DCE5AFBD-91F2-4D64-89ED-3C402126CDA9}.Release|Any CPU.ActiveCfg = Release|Any CPU
		{DCE5AFBD-91F2-4D64-89ED-3C402126CDA9}.Release|Any CPU.Build.0 = Release|Any CPU
		{57E78983-1DA8-4923-870C-2F0DC2FFF897}.Debug|Any CPU.ActiveCfg = Debug|Any CPU
		{57E78983-1DA8-4923-870C-2F0DC2FFF897}.Debug|Any CPU.Build.0 = Debug|Any CPU
		{57E78983-1DA8-4923-870C-2F0DC2FFF897}.Release|Any CPU.ActiveCfg = Release|Any CPU
		{57E78983-1DA8-4923-870C-2F0DC2FFF897}.Release|Any CPU.Build.0 = Release|Any CPU
		{28F1B795-CFBC-4074-8EB4-C6A534FE7C35}.Debug|Any CPU.ActiveCfg = Debug|Any CPU
		{28F1B795-CFBC-4074-8EB4-C6A534FE7C35}.Debug|Any CPU.Build.0 = Debug|Any CPU
		{28F1B795-CFBC-4074-8EB4-C6A534FE7C35}.Release|Any CPU.ActiveCfg = Release|Any CPU
		{28F1B795-CFBC-4074-8EB4-C6A534FE7C35}.Release|Any CPU.Build.0 = Release|Any CPU
		{3582EF9A-43BA-4087-AD7A-2AB02D324B50}.Debug|Any CPU.ActiveCfg = Debug|Any CPU
		{3582EF9A-43BA-4087-AD7A-2AB02D324B50}.Debug|Any CPU.Build.0 = Debug|Any CPU
		{3582EF9A-43BA-4087-AD7A-2AB02D324B50}.Release|Any CPU.ActiveCfg = Release|Any CPU
		{3582EF9A-43BA-4087-AD7A-2AB02D324B50}.Release|Any CPU.Build.0 = Release|Any CPU
		{7DE7411B-30D8-49F2-BD46-673CC47FB601}.Debug|Any CPU.ActiveCfg = Debug|Any CPU
		{7DE7411B-30D8-49F2-BD46-673CC47FB601}.Debug|Any CPU.Build.0 = Debug|Any CPU
		{7DE7411B-30D8-49F2-BD46-673CC47FB601}.Release|Any CPU.ActiveCfg = Release|Any CPU
		{7DE7411B-30D8-49F2-BD46-673CC47FB601}.Release|Any CPU.Build.0 = Release|Any CPU
		{C26EAF63-DDFF-459A-8E9F-CBB001EB573F}.Debug|Any CPU.ActiveCfg = Debug|Any CPU
		{C26EAF63-DDFF-459A-8E9F-CBB001EB573F}.Debug|Any CPU.Build.0 = Debug|Any CPU
		{C26EAF63-DDFF-459A-8E9F-CBB001EB573F}.Release|Any CPU.ActiveCfg = Release|Any CPU
		{C26EAF63-DDFF-459A-8E9F-CBB001EB573F}.Release|Any CPU.Build.0 = Release|Any CPU
		{1E9391F9-0B3D-4A61-B267-BFFC60047B02}.Debug|Any CPU.ActiveCfg = Debug|Any CPU
		{1E9391F9-0B3D-4A61-B267-BFFC60047B02}.Debug|Any CPU.Build.0 = Debug|Any CPU
		{1E9391F9-0B3D-4A61-B267-BFFC60047B02}.Release|Any CPU.ActiveCfg = Release|Any CPU
		{1E9391F9-0B3D-4A61-B267-BFFC60047B02}.Release|Any CPU.Build.0 = Release|Any CPU
		{7313C0AF-8F7F-4656-8472-FA00939090A0}.Debug|Any CPU.ActiveCfg = Debug|Any CPU
		{7313C0AF-8F7F-4656-8472-FA00939090A0}.Debug|Any CPU.Build.0 = Debug|Any CPU
		{7313C0AF-8F7F-4656-8472-FA00939090A0}.Release|Any CPU.ActiveCfg = Release|Any CPU
		{7313C0AF-8F7F-4656-8472-FA00939090A0}.Release|Any CPU.Build.0 = Release|Any CPU
		{54C058EF-6633-496A-A524-AB7C0E4D8755}.Debug|Any CPU.ActiveCfg = Debug|Any CPU
		{54C058EF-6633-496A-A524-AB7C0E4D8755}.Debug|Any CPU.Build.0 = Debug|Any CPU
		{54C058EF-6633-496A-A524-AB7C0E4D8755}.Release|Any CPU.ActiveCfg = Release|Any CPU
		{54C058EF-6633-496A-A524-AB7C0E4D8755}.Release|Any CPU.Build.0 = Release|Any CPU
	EndGlobalSection
	GlobalSection(SolutionProperties) = preSolution
		HideSolutionNode = FALSE
	EndGlobalSection
	GlobalSection(NestedProjects) = preSolution
		{B376971B-7E0E-4DF5-9142-AE9EE7C0731C} = {2E2B3C64-13E3-4695-B693-516AF23A4C08}
		{4DCB4EE1-CF47-4265-81CD-1180E686FEB6} = {63AB6F8A-D67D-454F-92EB-47140B65A23E}
		{F62529EC-EA91-4EFF-8308-37388EE50588} = {63AB6F8A-D67D-454F-92EB-47140B65A23E}
		{FFDDC72E-D03C-4BE0-BA80-104CC7AB1A1F} = {63AB6F8A-D67D-454F-92EB-47140B65A23E}
		{2E2B3C64-13E3-4695-B693-516AF23A4C08} = {FFDDC72E-D03C-4BE0-BA80-104CC7AB1A1F}
		{B64C48A6-0B35-4422-919D-FEC93DE2DBFC} = {7B98C5AB-7693-456A-AE9E-521E7E668911}
		{C0A52B70-547D-43A8-94C6-14CF7AFD19A3} = {7B98C5AB-7693-456A-AE9E-521E7E668911}
		{02B5035F-C550-44F9-8A00-93E59791D1E6} = {7B98C5AB-7693-456A-AE9E-521E7E668911}
		{DCE5AFBD-91F2-4D64-89ED-3C402126CDA9} = {7B98C5AB-7693-456A-AE9E-521E7E668911}
		{57E78983-1DA8-4923-870C-2F0DC2FFF897} = {7D782AF3-D043-4103-ACCA-F54E3E1F73D5}
		{28F1B795-CFBC-4074-8EB4-C6A534FE7C35} = {F4061FBA-78C3-47AA-B4CB-FB514B75688A}
		{7D782AF3-D043-4103-ACCA-F54E3E1F73D5} = {4DCB4EE1-CF47-4265-81CD-1180E686FEB6}
		{F4061FBA-78C3-47AA-B4CB-FB514B75688A} = {4DCB4EE1-CF47-4265-81CD-1180E686FEB6}
		{284370F9-F5DB-4950-8A8A-50752C990CDB} = {F62529EC-EA91-4EFF-8308-37388EE50588}
		{3582EF9A-43BA-4087-AD7A-2AB02D324B50} = {284370F9-F5DB-4950-8A8A-50752C990CDB}
		{702C7837-1085-46DC-8862-C427AED2C7B7} = {63AB6F8A-D67D-454F-92EB-47140B65A23E}
		{6F44016B-2157-49CA-B439-553F787A2995} = {702C7837-1085-46DC-8862-C427AED2C7B7}
		{7DE7411B-30D8-49F2-BD46-673CC47FB601} = {6F44016B-2157-49CA-B439-553F787A2995}
		{3BEEC927-4DAC-456E-A733-EEEA67A5EB83} = {F62529EC-EA91-4EFF-8308-37388EE50588}
		{C26EAF63-DDFF-459A-8E9F-CBB001EB573F} = {3BEEC927-4DAC-456E-A733-EEEA67A5EB83}
		{A7A6DE7B-7B56-4A13-BE3F-CF5EF6D6C184} = {F62529EC-EA91-4EFF-8308-37388EE50588}
		{1E9391F9-0B3D-4A61-B267-BFFC60047B02} = {A7A6DE7B-7B56-4A13-BE3F-CF5EF6D6C184}
		{B36D7E45-7B85-4F14-87B6-971B3AB1CF0D} = {63AB6F8A-D67D-454F-92EB-47140B65A23E}
		{7DAD7D3D-6207-49DE-9251-65B7BE46664C} = {B36D7E45-7B85-4F14-87B6-971B3AB1CF0D}
		{7313C0AF-8F7F-4656-8472-FA00939090A0} = {7DAD7D3D-6207-49DE-9251-65B7BE46664C}
		{EA87F05F-E82A-405F-905B-8473D5DA4F83} = {63AB6F8A-D67D-454F-92EB-47140B65A23E}
		{54C058EF-6633-496A-A524-AB7C0E4D8755} = {EA87F05F-E82A-405F-905B-8473D5DA4F83}
	EndGlobalSection
EndGlobal
