
Microsoft Visual Studio Solution File, Format Version 12.00
# Visual Studio 14
VisualStudioVersion = 14.0.25420.1
MinimumVisualStudioVersion = 10.0.40219.1
Project("{FAE04EC0-301F-11D3-BF4B-00C04F79EFBC}") = "KEEPER.K3.TLMB.CUSTOMER.ServicePlugIn", "KEEPER.K3.TLMB.CUSTOMER.ServicePlugIn\KEEPER.K3.TLMB.CUSTOMER.ServicePlugIn.csproj", "{B376971B-7E0E-4DF5-9142-AE9EE7C0731C}"
EndProject
Project("{FAE04EC0-301F-11D3-BF4B-00C04F79EFBC}") = "KEEPER.K3.TLMB.TRAVELBILL.ServicePlugIn", "KEEPER.K3.TLMB.TRAVELBILL.ServicePlugIn\KEEPER.K3.TLMB.TRAVELBILL.ServicePlugIn.csproj", "{040AC72D-DDA2-45FB-80E5-B70E8B796111}"
EndProject
Project("{FAE04EC0-301F-11D3-BF4B-00C04F79EFBC}") = "UnitTestCloudCallShrOSF", "UnitTestCloudCallShrOSF\UnitTestCloudCallShrOSF.csproj", "{67171DC4-726A-49B7-96BD-2572E4B3CEE1}"
EndProject
Project("{2150E333-8FDC-42A3-9474-1A3956D46DE8}") = "Common", "Common", "{7B98C5AB-7693-456A-AE9E-521E7E668911}"
EndProject
Project("{2150E333-8FDC-42A3-9474-1A3956D46DE8}") = "PlugIn", "PlugIn", "{63AB6F8A-D67D-454F-92EB-47140B65A23E}"
EndProject
Project("{2150E333-8FDC-42A3-9474-1A3956D46DE8}") = "BusinessPlugIn", "BusinessPlugIn", "{4DCB4EE1-CF47-4265-81CD-1180E686FEB6}"
EndProject
Project("{2150E333-8FDC-42A3-9474-1A3956D46DE8}") = "ReportPlugIn", "ReportPlugIn", "{F62529EC-EA91-4EFF-8308-37388EE50588}"
EndProject
Project("{2150E333-8FDC-42A3-9474-1A3956D46DE8}") = "ServicePlugIn", "ServicePlugIn", "{FFDDC72E-D03C-4BE0-BA80-104CC7AB1A1F}"
EndProject
Project("{2150E333-8FDC-42A3-9474-1A3956D46DE8}") = "DISABLECUSTOMERBILL", "DISABLECUSTOMERBILL", "{2E2B3C64-13E3-4695-B693-516AF23A4C08}"
EndProject
Project("{FAE04EC0-301F-11D3-BF4B-00C04F79EFBC}") = "KEEPER.K3.App", "KEEPER.K3.App\KEEPER.K3.App.csproj", "{B64C48A6-0B35-4422-919D-FEC93DE2DBFC}"
EndProject
Project("{FAE04EC0-301F-11D3-BF4B-00C04F79EFBC}") = "KEEPER.K3.TLMB.Contracts", "KEEPER.K3.TLMB.Contracts\KEEPER.K3.TLMB.Contracts.csproj", "{C0A52B70-547D-43A8-94C6-14CF7AFD19A3}"
EndProject
Project("{FAE04EC0-301F-11D3-BF4B-00C04F79EFBC}") = "KEEPER.K3.TLMB.Core", "KEEPER.K3.TLMB.Core\KEEPER.K3.TLMB.Core.csproj", "{02B5035F-C550-44F9-8A00-93E59791D1E6}"
EndProject
Project("{FAE04EC0-301F-11D3-BF4B-00C04F79EFBC}") = "KEEPER.K3.TLMB.ServiceHelper", "KEEPER.K3.TLMB.ServiceHelper\KEEPER.K3.TLMB.ServiceHelper.csproj", "{DCE5AFBD-91F2-4D64-89ED-3C402126CDA9}"
EndProject
Project("{FAE04EC0-301F-11D3-BF4B-00C04F79EFBC}") = "KEEPER.K3.TLMB.SalOrder.BusinessPlugIn", "KEEPER.K3.TLMB.SalOrder.BusinessPlugIn\KEEPER.K3.TLMB.SalOrder.BusinessPlugIn.csproj", "{57E78983-1DA8-4923-870C-2F0DC2FFF897}"
EndProject
Project("{FAE04EC0-301F-11D3-BF4B-00C04F79EFBC}") = "KEEPER.K3.TLMB.SalOutStock.BusinessPlugIn", "KEEPER.K3.TLMB.SalOutStock.BusinessPlugIn\KEEPER.K3.TLMB.SalOutStock.BusinessPlugIn.csproj", "{28F1B795-CFBC-4074-8EB4-C6A534FE7C35}"
EndProject
Project("{2150E333-8FDC-42A3-9474-1A3956D46DE8}") = "SalOrder", "SalOrder", "{7D782AF3-D043-4103-ACCA-F54E3E1F73D5}"
EndProject
Project("{2150E333-8FDC-42A3-9474-1A3956D46DE8}") = "SalOutStock", "SalOutStock", "{F4061FBA-78C3-47AA-B4CB-FB514B75688A}"
EndProject
Project("{2150E333-8FDC-42A3-9474-1A3956D46DE8}") = "KA组销售数据查询表", "KA组销售数据查询表", "{284370F9-F5DB-4950-8A8A-50752C990CDB}"
EndProject
Project("{FAE04EC0-301F-11D3-BF4B-00C04F79EFBC}") = "KEEPER.K3.TLMB.KAZXSSJCX", "KEEPER.K3.TLMB.KAZXSSJCX\KEEPER.K3.TLMB.KAZXSSJCX.csproj", "{3582EF9A-43BA-4087-AD7A-2AB02D324B50}"
EndProject
Project("{2150E333-8FDC-42A3-9474-1A3956D46DE8}") = "MobileReportPlugIn", "MobileReportPlugIn", "{702C7837-1085-46DC-8862-C427AED2C7B7}"
EndProject
Project("{2150E333-8FDC-42A3-9474-1A3956D46DE8}") = "产品管理", "产品管理", "{6F44016B-2157-49CA-B439-553F787A2995}"
EndProject
Project("{FAE04EC0-301F-11D3-BF4B-00C04F79EFBC}") = "KEEPER.K3.TLMB.MOBILE.CPGL", "KEEPER.K3.TLMB.MOBILE.CPGL\KEEPER.K3.TLMB.MOBILE.CPGL.csproj", "{7DE7411B-30D8-49F2-BD46-673CC47FB601}"
EndProject
Project("{2150E333-8FDC-42A3-9474-1A3956D46DE8}") = "未按标准配送统计表", "未按标准配送统计表", "{3BEEC927-4DAC-456E-A733-EEEA67A5EB83}"
EndProject
Project("{FAE04EC0-301F-11D3-BF4B-00C04F79EFBC}") = "KEEPER.K3.TLMB.NTBZPSTJB", "KEEPER.K3.TLMB.NTBZPSTJB\KEEPER.K3.TLMB.NTBZPSTJB.csproj", "{C26EAF63-DDFF-459A-8E9F-CBB001EB573F}"
EndProject
Project("{2150E333-8FDC-42A3-9474-1A3956D46DE8}") = "KA部门销售数据查询", "KA部门销售数据查询", "{A7A6DE7B-7B56-4A13-BE3F-CF5EF6D6C184}"
EndProject
Project("{FAE04EC0-301F-11D3-BF4B-00C04F79EFBC}") = "KEEPER.K3.TLMB.KABMXSSJCX", "KEEPER.K3.TLMB.KABMXSSJCX\KEEPER.K3.TLMB.KABMXSSJCX.csproj", "{1E9391F9-0B3D-4A61-B267-BFFC60047B02}"
EndProject
Project("{2150E333-8FDC-42A3-9474-1A3956D46DE8}") = "ScheduleServicePlugIn", "ScheduleServicePlugIn", "{B36D7E45-7B85-4F14-87B6-971B3AB1CF0D}"
EndProject
Project("{2150E333-8FDC-42A3-9474-1A3956D46DE8}") = "BigData", "BigData", "{7DAD7D3D-6207-49DE-9251-65B7BE46664C}"
EndProject
Project("{FAE04EC0-301F-11D3-BF4B-00C04F79EFBC}") = "KEEPER.K3.TLMB.BIGDATA.PValueScheduleServicePlugIn", "KEEPER.K3.TLMB.BIGDATA.PValueScheduleServicePlugIn\KEEPER.K3.TLMB.BIGDATA.PValueScheduleServicePlugIn.csproj", "{7313C0AF-8F7F-4656-8472-FA00939090A0}"
EndProject
Project("{2150E333-8FDC-42A3-9474-1A3956D46DE8}") = "DynamicObjectPlugIn", "DynamicObjectPlugIn", "{EA87F05F-E82A-405F-905B-8473D5DA4F83}"
EndProject
Project("{FAE04EC0-301F-11D3-BF4B-00C04F79EFBC}") = "KEEPER.K3.TLMB.ZJDBFXZPLXG.DynamicObjectPlugIn", "KEEPER.K3.TLMB.ZJDBFXZPLXG.DynamicObjectPlugIn\KEEPER.K3.TLMB.ZJDBFXZPLXG.DynamicObjectPlugIn.csproj", "{54C058EF-6633-496A-A524-AB7C0E4D8755}"
EndProject
Project("{FAE04EC0-301F-11D3-BF4B-00C04F79EFBC}") = "KEEPER.K3.TLMB.Dynamic.DisplayPlugIn", "KEEPER.K3.TLMB.Dynamic.DisplayPlugIn\KEEPER.K3.TLMB.Dynamic.DisplayPlugIn.csproj", "{1A283E0E-4AE6-4BF7-ABA7-09CC6C079E27}"
EndProject
Project("{2150E333-8FDC-42A3-9474-1A3956D46DE8}") = "SalePolicy", "SalePolicy", "{6EDC2D3F-1823-423F-B6C3-49534524935D}"
EndProject
Project("{FAE04EC0-301F-11D3-BF4B-00C04F79EFBC}") = "KEEPER.K3.TLMB.SalPolicy.BusinessPlugIn", "KEEPER.K3.TLMB.SalPolicy.BusinessPlugIn\KEEPER.K3.TLMB.SalPolicy.BusinessPlugIn.csproj", "{F0287A36-C8F6-46C0-B837-E6863B92A1DC}"
EndProject
Project("{2150E333-8FDC-42A3-9474-1A3956D46DE8}") = "WebApi", "WebApi", "{B38502B9-E0F6-41D9-825C-FA12C6230F73}"
EndProject
Project("{2150E333-8FDC-42A3-9474-1A3956D46DE8}") = "陈列地图数据权限接口", "陈列地图数据权限接口", "{6B25FFE0-59DB-443A-B3E6-4A53A14394F1}"
EndProject
Project("{FAE04EC0-301F-11D3-BF4B-00C04F79EFBC}") = "KEEPER.K3.TLMB.GetDisplayRoute.WebApiPlugIn", "KEEPER.K3.TLMB.GetDisplayRoute.WebApiPlugIn\KEEPER.K3.TLMB.GetDisplayRoute.WebApiPlugIn.csproj", "{E45F3C61-DC28-4AD0-A451-848E4DDC552C}"
EndProject
Project("{2150E333-8FDC-42A3-9474-1A3956D46DE8}") = "ConvertPlugIn", "ConvertPlugIn", "{8FAA1A62-16A5-469B-B4B6-2B430A4DB438}"
EndProject
Project("{2150E333-8FDC-42A3-9474-1A3956D46DE8}") = "SalOutStockToApp", "SalOutStockToApp", "{6735A412-D753-4A9E-BF5E-A96ADCE1E9E0}"
EndProject
Project("{FAE04EC0-301F-11D3-BF4B-00C04F79EFBC}") = "KEEPER.K3.TLMB.SalOutToAppConvertPlugIn", "KEEPER.K3.TLMB.SalOutToAppConvertPlugIn\KEEPER.K3.TLMB.SalOutToAppConvertPlugIn.csproj", "{B1921601-30BE-4DDE-B772-295ACF6B2942}"
EndProject
Project("{2150E333-8FDC-42A3-9474-1A3956D46DE8}") = "SalReturnToApp", "SalReturnToApp", "{1DBFE71C-48E8-4032-B60A-A33232A7C481}"
EndProject
Project("{FAE04EC0-301F-11D3-BF4B-00C04F79EFBC}") = "KEEPER.K3.TLMB.SalReturnToAppConvertPlugIn", "KEEPER.K3.TLMB.SalReturnToAppConvertPlugIn\KEEPER.K3.TLMB.SalReturnToAppConvertPlugIn.csproj", "{9575CBF6-D656-41D1-9DBA-CEA87C42CCF5}"
EndProject
Project("{2150E333-8FDC-42A3-9474-1A3956D46DE8}") = "分销站结算明细表", "分销站结算明细表", "{8A29F6C8-5E3B-4F04-AA8F-6DE6074EB62B}"
EndProject
Project("{FAE04EC0-301F-11D3-BF4B-00C04F79EFBC}") = "KEEPER.K3.TLMB.DistributionStation.BusinessPlugIn", "KEEPER.K3.TLMB.DistributionStation.BusinessPlugIn\KEEPER.K3.TLMB.DistributionStation.BusinessPlugIn.csproj", "{DCD9B1E4-9CBB-49ED-8F96-5A06CE94A1D7}"
EndProject
Project("{2150E333-8FDC-42A3-9474-1A3956D46DE8}") = "KA出库打印单", "KA出库打印单", "{6B739EFA-5663-4B6D-BA06-490A6E12C926}"
EndProject
Project("{FAE04EC0-301F-11D3-BF4B-00C04F79EFBC}") = "ZQC.K3.TLMB.KACKDY", "ZQC.K3.TLMB.KACKDY\ZQC.K3.TLMB.KACKDY.csproj", "{8C2C7CED-B450-48FD-B5D8-459577EA2F07}"
EndProject
Project("{2150E333-8FDC-42A3-9474-1A3956D46DE8}") = "箱套-工厂月报表", "箱套-工厂月报表", "{259FD27A-88E2-45B5-AAD6-91E139EAF8F5}"
EndProject
Project("{2150E333-8FDC-42A3-9474-1A3956D46DE8}") = "箱套-工厂日报表", "箱套-工厂日报表", "{DCFFB43D-27CF-4263-82DE-475DC7F2F5E1}"
EndProject
Project("{2150E333-8FDC-42A3-9474-1A3956D46DE8}") = "箱套日盘点表", "箱套日盘点表", "{D5263132-31BD-4CDD-B6C0-7D484191F996}"
EndProject
Project("{2150E333-8FDC-42A3-9474-1A3956D46DE8}") = "线路箱套统计表", "线路箱套统计表", "{692EAA41-D02F-4E17-9C74-AB8F03449838}"
EndProject
Project("{FAE04EC0-301F-11D3-BF4B-00C04F79EFBC}") = "KEEPER.K3.TLMB.BOXCAP_FACTORY_MONTHRPT", "KEEPER.K3.TLMB.BOXCAP_FACTORY_MONTHRPT\KEEPER.K3.TLMB.BOXCAP_FACTORY_MONTHRPT.csproj", "{9B3C9D22-2258-4347-BE51-5AFD20264485}"
EndProject
Project("{2150E333-8FDC-42A3-9474-1A3956D46DE8}") = "销售订单To直接调拨单", "销售订单To直接调拨单", "{FE9816B9-F3BE-4CD9-AC34-43F0102B65D8}"
EndProject
Project("{2150E333-8FDC-42A3-9474-1A3956D46DE8}") = "销售订单To销售出库单", "销售订单To销售出库单", "{57B3A019-36C5-4ABC-A487-720BDC92F06F}"
EndProject
Project("{FAE04EC0-301F-11D3-BF4B-00C04F79EFBC}") = "KEEPER.K3.TLMB.BOXCAP_FACTORY_DAYRPT", "KEEPER.K3.TLMB.BOXCAP_FACTORY_DAYRPT\KEEPER.K3.TLMB.BOXCAP_FACTORY_DAYRPT.csproj", "{000D1C0D-5D47-4CEA-A1C7-A4C2D07996E2}"
EndProject
Project("{FAE04EC0-301F-11D3-BF4B-00C04F79EFBC}") = "KEEPER.K3.TLBM.BOXCAP_CHECKRPT", "KEEPER.K3.TLBM.BOXCAP_CHECKRPT\KEEPER.K3.TLBM.BOXCAP_CHECKRPT.csproj", "{6582B39F-A8DB-48F4-9885-454897C3B0A6}"
EndProject
Project("{FAE04EC0-301F-11D3-BF4B-00C04F79EFBC}") = "KEEPER.K3.TLMB.BOXCAP_LINERPT", "KEEPER.K3.TLMB.BOXCAP_LINERPT\KEEPER.K3.TLMB.BOXCAP_LINERPT.csproj", "{4321D0A7-3EC3-4C9E-A7A9-DF4DB622FE37}"
EndProject
Project("{2150E333-8FDC-42A3-9474-1A3956D46DE8}") = "StockElseBill", "StockElseBill", "{FCFFD419-F574-418A-A7A0-00257DD5FE52}"
EndProject
Project("{FAE04EC0-301F-11D3-BF4B-00C04F79EFBC}") = "ZQC.K3.TLMB.STOCK.ServicePlugin", "ZQC.K3.TLMB.STOCK.ServicePlugin\ZQC.K3.TLMB.STOCK.ServicePlugin.csproj", "{FA71F61F-3F7F-4BDC-8FDD-76FF2D15843A}"
EndProject
Project("{2150E333-8FDC-42A3-9474-1A3956D46DE8}") = "StockElseBill", "StockElseBill", "{2C4E315A-4ECD-4B3A-8497-57DB3FD8C7B9}"
EndProject
Project("{FAE04EC0-301F-11D3-BF4B-00C04F79EFBC}") = "KEEPER.K3.TLMB.StockElse.BussinessPlugIn", "KEEPER.K3.TLMB.StockElse.BussinessPlugIn\KEEPER.K3.TLMB.StockElse.BussinessPlugIn.csproj", "{CC9AD26A-BEE2-4E8E-9E3C-B72278C5B544}"
EndProject
Project("{2150E333-8FDC-42A3-9474-1A3956D46DE8}") = "StoreInStock", "StoreInStock", "{FDA09DE8-790E-4C6A-BF1C-F9D78F9368B1}"
EndProject
Project("{FAE04EC0-301F-11D3-BF4B-00C04F79EFBC}") = "ZQC.K3.TLMB.StoreInStock.BussinessPlugin", "ZQC.K3.TLMB.INSTOCKBILL.BillPlugin\ZQC.K3.TLMB.StoreInStock.BussinessPlugin.csproj", "{B094446B-B545-4D29-9A72-7AFD0121EF1E}"
EndProject
Project("{FAE04EC0-301F-11D3-BF4B-00C04F79EFBC}") = "ZQC.K3.TLMB.SalOrderToDirectConvertPlugin", "ZQC.K3.TLMB.SalOrderToDirectConvertPlugin\ZQC.K3.TLMB.SalOrderToDirectConvertPlugin.csproj", "{64E73DC2-112B-4361-93E2-873CFBCB1BD3}"
EndProject
Project("{2150E333-8FDC-42A3-9474-1A3956D46DE8}") = "DirectOrderBill", "DirectOrderBill", "{8F0886A3-0F6D-43FC-97AC-26836FB69384}"
EndProject
Project("{FAE04EC0-301F-11D3-BF4B-00C04F79EFBC}") = "ZQC.K3.TLMB.Direct.ServicePlugin", "ZQC.K3.TLMB.Direct.ServicePlugin\ZQC.K3.TLMB.Direct.ServicePlugin.csproj", "{E44175A9-1406-445F-9900-9B9C573BB0FD}"
EndProject
Project("{2150E333-8FDC-42A3-9474-1A3956D46DE8}") = "提货单打印", "提货单打印", "{FA6D26E6-AA3D-4B0B-8E98-87DA7884CEBC}"
EndProject
Project("{FAE04EC0-301F-11D3-BF4B-00C04F79EFBC}") = "KEEPER.K3.TLMB.THDPRINT", "KEEPER.K3.TLMB.THDPRINT\KEEPER.K3.TLMB.THDPRINT.csproj", "{EAC59669-D558-49D3-9090-DE35ED911967}"
EndProject
Global
	GlobalSection(SolutionConfigurationPlatforms) = preSolution
		Debug|Any CPU = Debug|Any CPU
		Release|Any CPU = Release|Any CPU
	EndGlobalSection
	GlobalSection(ProjectConfigurationPlatforms) = postSolution
		{B376971B-7E0E-4DF5-9142-AE9EE7C0731C}.Debug|Any CPU.ActiveCfg = Debug|Any CPU
		{B376971B-7E0E-4DF5-9142-AE9EE7C0731C}.Debug|Any CPU.Build.0 = Debug|Any CPU
		{B376971B-7E0E-4DF5-9142-AE9EE7C0731C}.Release|Any CPU.ActiveCfg = Release|Any CPU
		{B376971B-7E0E-4DF5-9142-AE9EE7C0731C}.Release|Any CPU.Build.0 = Release|Any CPU
		{040AC72D-DDA2-45FB-80E5-B70E8B796111}.Debug|Any CPU.ActiveCfg = Debug|Any CPU
		{040AC72D-DDA2-45FB-80E5-B70E8B796111}.Debug|Any CPU.Build.0 = Debug|Any CPU
		{040AC72D-DDA2-45FB-80E5-B70E8B796111}.Release|Any CPU.ActiveCfg = Release|Any CPU
		{040AC72D-DDA2-45FB-80E5-B70E8B796111}.Release|Any CPU.Build.0 = Release|Any CPU
		{67171DC4-726A-49B7-96BD-2572E4B3CEE1}.Debug|Any CPU.ActiveCfg = Debug|Any CPU
		{67171DC4-726A-49B7-96BD-2572E4B3CEE1}.Debug|Any CPU.Build.0 = Debug|Any CPU
		{67171DC4-726A-49B7-96BD-2572E4B3CEE1}.Release|Any CPU.ActiveCfg = Release|Any CPU
		{67171DC4-726A-49B7-96BD-2572E4B3CEE1}.Release|Any CPU.Build.0 = Release|Any CPU
		{B64C48A6-0B35-4422-919D-FEC93DE2DBFC}.Debug|Any CPU.ActiveCfg = Debug|Any CPU
		{B64C48A6-0B35-4422-919D-FEC93DE2DBFC}.Debug|Any CPU.Build.0 = Debug|Any CPU
		{B64C48A6-0B35-4422-919D-FEC93DE2DBFC}.Release|Any CPU.ActiveCfg = Release|Any CPU
		{B64C48A6-0B35-4422-919D-FEC93DE2DBFC}.Release|Any CPU.Build.0 = Release|Any CPU
		{C0A52B70-547D-43A8-94C6-14CF7AFD19A3}.Debug|Any CPU.ActiveCfg = Debug|Any CPU
		{C0A52B70-547D-43A8-94C6-14CF7AFD19A3}.Debug|Any CPU.Build.0 = Debug|Any CPU
		{C0A52B70-547D-43A8-94C6-14CF7AFD19A3}.Release|Any CPU.ActiveCfg = Release|Any CPU
		{C0A52B70-547D-43A8-94C6-14CF7AFD19A3}.Release|Any CPU.Build.0 = Release|Any CPU
		{02B5035F-C550-44F9-8A00-93E59791D1E6}.Debug|Any CPU.ActiveCfg = Debug|Any CPU
		{02B5035F-C550-44F9-8A00-93E59791D1E6}.Debug|Any CPU.Build.0 = Debug|Any CPU
		{02B5035F-C550-44F9-8A00-93E59791D1E6}.Release|Any CPU.ActiveCfg = Release|Any CPU
		{02B5035F-C550-44F9-8A00-93E59791D1E6}.Release|Any CPU.Build.0 = Release|Any CPU
		{DCE5AFBD-91F2-4D64-89ED-3C402126CDA9}.Debug|Any CPU.ActiveCfg = Debug|Any CPU
		{DCE5AFBD-91F2-4D64-89ED-3C402126CDA9}.Debug|Any CPU.Build.0 = Debug|Any CPU
		{DCE5AFBD-91F2-4D64-89ED-3C402126CDA9}.Release|Any CPU.ActiveCfg = Release|Any CPU
		{DCE5AFBD-91F2-4D64-89ED-3C402126CDA9}.Release|Any CPU.Build.0 = Release|Any CPU
		{57E78983-1DA8-4923-870C-2F0DC2FFF897}.Debug|Any CPU.ActiveCfg = Debug|Any CPU
		{57E78983-1DA8-4923-870C-2F0DC2FFF897}.Debug|Any CPU.Build.0 = Debug|Any CPU
		{57E78983-1DA8-4923-870C-2F0DC2FFF897}.Release|Any CPU.ActiveCfg = Release|Any CPU
		{57E78983-1DA8-4923-870C-2F0DC2FFF897}.Release|Any CPU.Build.0 = Release|Any CPU
		{28F1B795-CFBC-4074-8EB4-C6A534FE7C35}.Debug|Any CPU.ActiveCfg = Debug|Any CPU
		{28F1B795-CFBC-4074-8EB4-C6A534FE7C35}.Debug|Any CPU.Build.0 = Debug|Any CPU
		{28F1B795-CFBC-4074-8EB4-C6A534FE7C35}.Release|Any CPU.ActiveCfg = Release|Any CPU
		{28F1B795-CFBC-4074-8EB4-C6A534FE7C35}.Release|Any CPU.Build.0 = Release|Any CPU
		{3582EF9A-43BA-4087-AD7A-2AB02D324B50}.Debug|Any CPU.ActiveCfg = Debug|Any CPU
		{3582EF9A-43BA-4087-AD7A-2AB02D324B50}.Debug|Any CPU.Build.0 = Debug|Any CPU
		{3582EF9A-43BA-4087-AD7A-2AB02D324B50}.Release|Any CPU.ActiveCfg = Release|Any CPU
		{3582EF9A-43BA-4087-AD7A-2AB02D324B50}.Release|Any CPU.Build.0 = Release|Any CPU
		{7DE7411B-30D8-49F2-BD46-673CC47FB601}.Debug|Any CPU.ActiveCfg = Debug|Any CPU
		{7DE7411B-30D8-49F2-BD46-673CC47FB601}.Debug|Any CPU.Build.0 = Debug|Any CPU
		{7DE7411B-30D8-49F2-BD46-673CC47FB601}.Release|Any CPU.ActiveCfg = Release|Any CPU
		{7DE7411B-30D8-49F2-BD46-673CC47FB601}.Release|Any CPU.Build.0 = Release|Any CPU
		{C26EAF63-DDFF-459A-8E9F-CBB001EB573F}.Debug|Any CPU.ActiveCfg = Debug|Any CPU
		{C26EAF63-DDFF-459A-8E9F-CBB001EB573F}.Debug|Any CPU.Build.0 = Debug|Any CPU
		{C26EAF63-DDFF-459A-8E9F-CBB001EB573F}.Release|Any CPU.ActiveCfg = Release|Any CPU
		{C26EAF63-DDFF-459A-8E9F-CBB001EB573F}.Release|Any CPU.Build.0 = Release|Any CPU
		{1E9391F9-0B3D-4A61-B267-BFFC60047B02}.Debug|Any CPU.ActiveCfg = Debug|Any CPU
		{1E9391F9-0B3D-4A61-B267-BFFC60047B02}.Debug|Any CPU.Build.0 = Debug|Any CPU
		{1E9391F9-0B3D-4A61-B267-BFFC60047B02}.Release|Any CPU.ActiveCfg = Release|Any CPU
		{1E9391F9-0B3D-4A61-B267-BFFC60047B02}.Release|Any CPU.Build.0 = Release|Any CPU
		{7313C0AF-8F7F-4656-8472-FA00939090A0}.Debug|Any CPU.ActiveCfg = Debug|Any CPU
		{7313C0AF-8F7F-4656-8472-FA00939090A0}.Debug|Any CPU.Build.0 = Debug|Any CPU
		{7313C0AF-8F7F-4656-8472-FA00939090A0}.Release|Any CPU.ActiveCfg = Release|Any CPU
		{7313C0AF-8F7F-4656-8472-FA00939090A0}.Release|Any CPU.Build.0 = Release|Any CPU
		{54C058EF-6633-496A-A524-AB7C0E4D8755}.Debug|Any CPU.ActiveCfg = Debug|Any CPU
		{54C058EF-6633-496A-A524-AB7C0E4D8755}.Debug|Any CPU.Build.0 = Debug|Any CPU
		{54C058EF-6633-496A-A524-AB7C0E4D8755}.Release|Any CPU.ActiveCfg = Release|Any CPU
		{54C058EF-6633-496A-A524-AB7C0E4D8755}.Release|Any CPU.Build.0 = Release|Any CPU
		{1A283E0E-4AE6-4BF7-ABA7-09CC6C079E27}.Debug|Any CPU.ActiveCfg = Debug|Any CPU
		{1A283E0E-4AE6-4BF7-ABA7-09CC6C079E27}.Debug|Any CPU.Build.0 = Debug|Any CPU
		{1A283E0E-4AE6-4BF7-ABA7-09CC6C079E27}.Release|Any CPU.ActiveCfg = Release|Any CPU
		{1A283E0E-4AE6-4BF7-ABA7-09CC6C079E27}.Release|Any CPU.Build.0 = Release|Any CPU
		{F0287A36-C8F6-46C0-B837-E6863B92A1DC}.Debug|Any CPU.ActiveCfg = Debug|Any CPU
		{F0287A36-C8F6-46C0-B837-E6863B92A1DC}.Debug|Any CPU.Build.0 = Debug|Any CPU
		{F0287A36-C8F6-46C0-B837-E6863B92A1DC}.Release|Any CPU.ActiveCfg = Release|Any CPU
		{F0287A36-C8F6-46C0-B837-E6863B92A1DC}.Release|Any CPU.Build.0 = Release|Any CPU
		{E45F3C61-DC28-4AD0-A451-848E4DDC552C}.Debug|Any CPU.ActiveCfg = Debug|Any CPU
		{E45F3C61-DC28-4AD0-A451-848E4DDC552C}.Debug|Any CPU.Build.0 = Debug|Any CPU
		{E45F3C61-DC28-4AD0-A451-848E4DDC552C}.Release|Any CPU.ActiveCfg = Release|Any CPU
		{E45F3C61-DC28-4AD0-A451-848E4DDC552C}.Release|Any CPU.Build.0 = Release|Any CPU
		{B1921601-30BE-4DDE-B772-295ACF6B2942}.Debug|Any CPU.ActiveCfg = Debug|Any CPU
		{B1921601-30BE-4DDE-B772-295ACF6B2942}.Debug|Any CPU.Build.0 = Debug|Any CPU
		{B1921601-30BE-4DDE-B772-295ACF6B2942}.Release|Any CPU.ActiveCfg = Release|Any CPU
		{B1921601-30BE-4DDE-B772-295ACF6B2942}.Release|Any CPU.Build.0 = Release|Any CPU
		{9575CBF6-D656-41D1-9DBA-CEA87C42CCF5}.Debug|Any CPU.ActiveCfg = Debug|Any CPU
		{9575CBF6-D656-41D1-9DBA-CEA87C42CCF5}.Debug|Any CPU.Build.0 = Debug|Any CPU
		{9575CBF6-D656-41D1-9DBA-CEA87C42CCF5}.Release|Any CPU.ActiveCfg = Release|Any CPU
		{9575CBF6-D656-41D1-9DBA-CEA87C42CCF5}.Release|Any CPU.Build.0 = Release|Any CPU
		{DCD9B1E4-9CBB-49ED-8F96-5A06CE94A1D7}.Debug|Any CPU.ActiveCfg = Debug|Any CPU
		{DCD9B1E4-9CBB-49ED-8F96-5A06CE94A1D7}.Debug|Any CPU.Build.0 = Debug|Any CPU
		{DCD9B1E4-9CBB-49ED-8F96-5A06CE94A1D7}.Release|Any CPU.ActiveCfg = Release|Any CPU
		{DCD9B1E4-9CBB-49ED-8F96-5A06CE94A1D7}.Release|Any CPU.Build.0 = Release|Any CPU
		{8C2C7CED-B450-48FD-B5D8-459577EA2F07}.Debug|Any CPU.ActiveCfg = Debug|Any CPU
		{8C2C7CED-B450-48FD-B5D8-459577EA2F07}.Debug|Any CPU.Build.0 = Debug|Any CPU
		{8C2C7CED-B450-48FD-B5D8-459577EA2F07}.Release|Any CPU.ActiveCfg = Release|Any CPU
		{8C2C7CED-B450-48FD-B5D8-459577EA2F07}.Release|Any CPU.Build.0 = Release|Any CPU
		{9B3C9D22-2258-4347-BE51-5AFD20264485}.Debug|Any CPU.ActiveCfg = Debug|Any CPU
		{9B3C9D22-2258-4347-BE51-5AFD20264485}.Debug|Any CPU.Build.0 = Debug|Any CPU
		{9B3C9D22-2258-4347-BE51-5AFD20264485}.Release|Any CPU.ActiveCfg = Release|Any CPU
		{9B3C9D22-2258-4347-BE51-5AFD20264485}.Release|Any CPU.Build.0 = Release|Any CPU
		{000D1C0D-5D47-4CEA-A1C7-A4C2D07996E2}.Debug|Any CPU.ActiveCfg = Debug|Any CPU
		{000D1C0D-5D47-4CEA-A1C7-A4C2D07996E2}.Debug|Any CPU.Build.0 = Debug|Any CPU
		{000D1C0D-5D47-4CEA-A1C7-A4C2D07996E2}.Release|Any CPU.ActiveCfg = Release|Any CPU
		{000D1C0D-5D47-4CEA-A1C7-A4C2D07996E2}.Release|Any CPU.Build.0 = Release|Any CPU
		{6582B39F-A8DB-48F4-9885-454897C3B0A6}.Debug|Any CPU.ActiveCfg = Debug|Any CPU
		{6582B39F-A8DB-48F4-9885-454897C3B0A6}.Debug|Any CPU.Build.0 = Debug|Any CPU
		{6582B39F-A8DB-48F4-9885-454897C3B0A6}.Release|Any CPU.ActiveCfg = Release|Any CPU
		{6582B39F-A8DB-48F4-9885-454897C3B0A6}.Release|Any CPU.Build.0 = Release|Any CPU
		{4321D0A7-3EC3-4C9E-A7A9-DF4DB622FE37}.Debug|Any CPU.ActiveCfg = Debug|Any CPU
		{4321D0A7-3EC3-4C9E-A7A9-DF4DB622FE37}.Debug|Any CPU.Build.0 = Debug|Any CPU
		{4321D0A7-3EC3-4C9E-A7A9-DF4DB622FE37}.Release|Any CPU.ActiveCfg = Release|Any CPU
		{4321D0A7-3EC3-4C9E-A7A9-DF4DB622FE37}.Release|Any CPU.Build.0 = Release|Any CPU
		{FA71F61F-3F7F-4BDC-8FDD-76FF2D15843A}.Debug|Any CPU.ActiveCfg = Debug|Any CPU
		{FA71F61F-3F7F-4BDC-8FDD-76FF2D15843A}.Debug|Any CPU.Build.0 = Debug|Any CPU
		{FA71F61F-3F7F-4BDC-8FDD-76FF2D15843A}.Release|Any CPU.ActiveCfg = Release|Any CPU
		{FA71F61F-3F7F-4BDC-8FDD-76FF2D15843A}.Release|Any CPU.Build.0 = Release|Any CPU
		{CC9AD26A-BEE2-4E8E-9E3C-B72278C5B544}.Debug|Any CPU.ActiveCfg = Debug|Any CPU
		{CC9AD26A-BEE2-4E8E-9E3C-B72278C5B544}.Debug|Any CPU.Build.0 = Debug|Any CPU
		{CC9AD26A-BEE2-4E8E-9E3C-B72278C5B544}.Release|Any CPU.ActiveCfg = Release|Any CPU
		{CC9AD26A-BEE2-4E8E-9E3C-B72278C5B544}.Release|Any CPU.Build.0 = Release|Any CPU
		{B094446B-B545-4D29-9A72-7AFD0121EF1E}.Debug|Any CPU.ActiveCfg = Debug|Any CPU
		{B094446B-B545-4D29-9A72-7AFD0121EF1E}.Debug|Any CPU.Build.0 = Debug|Any CPU
		{B094446B-B545-4D29-9A72-7AFD0121EF1E}.Release|Any CPU.ActiveCfg = Release|Any CPU
		{B094446B-B545-4D29-9A72-7AFD0121EF1E}.Release|Any CPU.Build.0 = Release|Any CPU
		{64E73DC2-112B-4361-93E2-873CFBCB1BD3}.Debug|Any CPU.ActiveCfg = Debug|Any CPU
		{64E73DC2-112B-4361-93E2-873CFBCB1BD3}.Debug|Any CPU.Build.0 = Debug|Any CPU
		{64E73DC2-112B-4361-93E2-873CFBCB1BD3}.Release|Any CPU.ActiveCfg = Release|Any CPU
		{64E73DC2-112B-4361-93E2-873CFBCB1BD3}.Release|Any CPU.Build.0 = Release|Any CPU
		{E44175A9-1406-445F-9900-9B9C573BB0FD}.Debug|Any CPU.ActiveCfg = Debug|Any CPU
		{E44175A9-1406-445F-9900-9B9C573BB0FD}.Debug|Any CPU.Build.0 = Debug|Any CPU
		{E44175A9-1406-445F-9900-9B9C573BB0FD}.Release|Any CPU.ActiveCfg = Release|Any CPU
		{E44175A9-1406-445F-9900-9B9C573BB0FD}.Release|Any CPU.Build.0 = Release|Any CPU
		{EAC59669-D558-49D3-9090-DE35ED911967}.Debug|Any CPU.ActiveCfg = Debug|Any CPU
		{EAC59669-D558-49D3-9090-DE35ED911967}.Debug|Any CPU.Build.0 = Debug|Any CPU
		{EAC59669-D558-49D3-9090-DE35ED911967}.Release|Any CPU.ActiveCfg = Release|Any CPU
		{EAC59669-D558-49D3-9090-DE35ED911967}.Release|Any CPU.Build.0 = Release|Any CPU
	EndGlobalSection
	GlobalSection(SolutionProperties) = preSolution
		HideSolutionNode = FALSE
	EndGlobalSection
	GlobalSection(NestedProjects) = preSolution
		{B376971B-7E0E-4DF5-9142-AE9EE7C0731C} = {2E2B3C64-13E3-4695-B693-516AF23A4C08}
		{4DCB4EE1-CF47-4265-81CD-1180E686FEB6} = {63AB6F8A-D67D-454F-92EB-47140B65A23E}
		{F62529EC-EA91-4EFF-8308-37388EE50588} = {63AB6F8A-D67D-454F-92EB-47140B65A23E}
		{FFDDC72E-D03C-4BE0-BA80-104CC7AB1A1F} = {63AB6F8A-D67D-454F-92EB-47140B65A23E}
		{2E2B3C64-13E3-4695-B693-516AF23A4C08} = {FFDDC72E-D03C-4BE0-BA80-104CC7AB1A1F}
		{B64C48A6-0B35-4422-919D-FEC93DE2DBFC} = {7B98C5AB-7693-456A-AE9E-521E7E668911}
		{C0A52B70-547D-43A8-94C6-14CF7AFD19A3} = {7B98C5AB-7693-456A-AE9E-521E7E668911}
		{02B5035F-C550-44F9-8A00-93E59791D1E6} = {7B98C5AB-7693-456A-AE9E-521E7E668911}
		{DCE5AFBD-91F2-4D64-89ED-3C402126CDA9} = {7B98C5AB-7693-456A-AE9E-521E7E668911}
		{57E78983-1DA8-4923-870C-2F0DC2FFF897} = {7D782AF3-D043-4103-ACCA-F54E3E1F73D5}
		{28F1B795-CFBC-4074-8EB4-C6A534FE7C35} = {F4061FBA-78C3-47AA-B4CB-FB514B75688A}
		{7D782AF3-D043-4103-ACCA-F54E3E1F73D5} = {4DCB4EE1-CF47-4265-81CD-1180E686FEB6}
		{F4061FBA-78C3-47AA-B4CB-FB514B75688A} = {4DCB4EE1-CF47-4265-81CD-1180E686FEB6}
		{284370F9-F5DB-4950-8A8A-50752C990CDB} = {F62529EC-EA91-4EFF-8308-37388EE50588}
		{3582EF9A-43BA-4087-AD7A-2AB02D324B50} = {284370F9-F5DB-4950-8A8A-50752C990CDB}
		{702C7837-1085-46DC-8862-C427AED2C7B7} = {63AB6F8A-D67D-454F-92EB-47140B65A23E}
		{6F44016B-2157-49CA-B439-553F787A2995} = {702C7837-1085-46DC-8862-C427AED2C7B7}
		{7DE7411B-30D8-49F2-BD46-673CC47FB601} = {6F44016B-2157-49CA-B439-553F787A2995}
		{3BEEC927-4DAC-456E-A733-EEEA67A5EB83} = {F62529EC-EA91-4EFF-8308-37388EE50588}
		{C26EAF63-DDFF-459A-8E9F-CBB001EB573F} = {3BEEC927-4DAC-456E-A733-EEEA67A5EB83}
		{A7A6DE7B-7B56-4A13-BE3F-CF5EF6D6C184} = {F62529EC-EA91-4EFF-8308-37388EE50588}
		{1E9391F9-0B3D-4A61-B267-BFFC60047B02} = {A7A6DE7B-7B56-4A13-BE3F-CF5EF6D6C184}
		{B36D7E45-7B85-4F14-87B6-971B3AB1CF0D} = {63AB6F8A-D67D-454F-92EB-47140B65A23E}
		{7DAD7D3D-6207-49DE-9251-65B7BE46664C} = {B36D7E45-7B85-4F14-87B6-971B3AB1CF0D}
		{7313C0AF-8F7F-4656-8472-FA00939090A0} = {7DAD7D3D-6207-49DE-9251-65B7BE46664C}
		{EA87F05F-E82A-405F-905B-8473D5DA4F83} = {63AB6F8A-D67D-454F-92EB-47140B65A23E}
		{54C058EF-6633-496A-A524-AB7C0E4D8755} = {EA87F05F-E82A-405F-905B-8473D5DA4F83}
		{1A283E0E-4AE6-4BF7-ABA7-09CC6C079E27} = {EA87F05F-E82A-405F-905B-8473D5DA4F83}
		{6EDC2D3F-1823-423F-B6C3-49534524935D} = {4DCB4EE1-CF47-4265-81CD-1180E686FEB6}
		{F0287A36-C8F6-46C0-B837-E6863B92A1DC} = {6EDC2D3F-1823-423F-B6C3-49534524935D}
		{6B25FFE0-59DB-443A-B3E6-4A53A14394F1} = {B38502B9-E0F6-41D9-825C-FA12C6230F73}
		{E45F3C61-DC28-4AD0-A451-848E4DDC552C} = {6B25FFE0-59DB-443A-B3E6-4A53A14394F1}
		{8FAA1A62-16A5-469B-B4B6-2B430A4DB438} = {63AB6F8A-D67D-454F-92EB-47140B65A23E}
		{6735A412-D753-4A9E-BF5E-A96ADCE1E9E0} = {8FAA1A62-16A5-469B-B4B6-2B430A4DB438}
		{B1921601-30BE-4DDE-B772-295ACF6B2942} = {6735A412-D753-4A9E-BF5E-A96ADCE1E9E0}
		{1DBFE71C-48E8-4032-B60A-A33232A7C481} = {8FAA1A62-16A5-469B-B4B6-2B430A4DB438}
		{9575CBF6-D656-41D1-9DBA-CEA87C42CCF5} = {1DBFE71C-48E8-4032-B60A-A33232A7C481}
		{8A29F6C8-5E3B-4F04-AA8F-6DE6074EB62B} = {F62529EC-EA91-4EFF-8308-37388EE50588}
		{DCD9B1E4-9CBB-49ED-8F96-5A06CE94A1D7} = {8A29F6C8-5E3B-4F04-AA8F-6DE6074EB62B}
		{6B739EFA-5663-4B6D-BA06-490A6E12C926} = {F62529EC-EA91-4EFF-8308-37388EE50588}
		{8C2C7CED-B450-48FD-B5D8-459577EA2F07} = {6B739EFA-5663-4B6D-BA06-490A6E12C926}
		{259FD27A-88E2-45B5-AAD6-91E139EAF8F5} = {F62529EC-EA91-4EFF-8308-37388EE50588}
		{DCFFB43D-27CF-4263-82DE-475DC7F2F5E1} = {F62529EC-EA91-4EFF-8308-37388EE50588}
		{D5263132-31BD-4CDD-B6C0-7D484191F996} = {F62529EC-EA91-4EFF-8308-37388EE50588}
		{692EAA41-D02F-4E17-9C74-AB8F03449838} = {F62529EC-EA91-4EFF-8308-37388EE50588}
		{9B3C9D22-2258-4347-BE51-5AFD20264485} = {259FD27A-88E2-45B5-AAD6-91E139EAF8F5}
		{FE9816B9-F3BE-4CD9-AC34-43F0102B65D8} = {8FAA1A62-16A5-469B-B4B6-2B430A4DB438}
		{57B3A019-36C5-4ABC-A487-720BDC92F06F} = {8FAA1A62-16A5-469B-B4B6-2B430A4DB438}
		{000D1C0D-5D47-4CEA-A1C7-A4C2D07996E2} = {DCFFB43D-27CF-4263-82DE-475DC7F2F5E1}
		{6582B39F-A8DB-48F4-9885-454897C3B0A6} = {D5263132-31BD-4CDD-B6C0-7D484191F996}
		{4321D0A7-3EC3-4C9E-A7A9-DF4DB622FE37} = {692EAA41-D02F-4E17-9C74-AB8F03449838}
		{FCFFD419-F574-418A-A7A0-00257DD5FE52} = {FFDDC72E-D03C-4BE0-BA80-104CC7AB1A1F}
		{FA71F61F-3F7F-4BDC-8FDD-76FF2D15843A} = {FCFFD419-F574-418A-A7A0-00257DD5FE52}
		{2C4E315A-4ECD-4B3A-8497-57DB3FD8C7B9} = {4DCB4EE1-CF47-4265-81CD-1180E686FEB6}
		{CC9AD26A-BEE2-4E8E-9E3C-B72278C5B544} = {2C4E315A-4ECD-4B3A-8497-57DB3FD8C7B9}
		{FDA09DE8-790E-4C6A-BF1C-F9D78F9368B1} = {4DCB4EE1-CF47-4265-81CD-1180E686FEB6}
		{B094446B-B545-4D29-9A72-7AFD0121EF1E} = {FDA09DE8-790E-4C6A-BF1C-F9D78F9368B1}
		{64E73DC2-112B-4361-93E2-873CFBCB1BD3} = {FE9816B9-F3BE-4CD9-AC34-43F0102B65D8}
		{8F0886A3-0F6D-43FC-97AC-26836FB69384} = {FFDDC72E-D03C-4BE0-BA80-104CC7AB1A1F}
		{E44175A9-1406-445F-9900-9B9C573BB0FD} = {8F0886A3-0F6D-43FC-97AC-26836FB69384}
		{FA6D26E6-AA3D-4B0B-8E98-87DA7884CEBC} = {F62529EC-EA91-4EFF-8308-37388EE50588}
		{EAC59669-D558-49D3-9090-DE35ED911967} = {FA6D26E6-AA3D-4B0B-8E98-87DA7884CEBC}
	EndGlobalSection
EndGlobal
